PODS:
  - MarkdownView (1.7.1)
  - Shift (0.2.2)

DEPENDENCIES:
  - MarkdownView
  - Shift

SPEC REPOS:
  trunk:
    - MarkdownView
    - Shift

SPEC CHECKSUMS:
  MarkdownView: cf30a97ab39b2bce04406adce541972c882363bd
  Shift: 86dc634d046fc86a879dbfdb492739672cc092be

PODFILE CHECKSUM: 498fc11145709f28209c25443f3a61f2d4290ceb

COCOAPODS: 1.9.3
