{
  "object": {
    "pins": [
      {
        "package": "FeedKit",
        "repositoryURL": "https://github.com/nmdias/FeedKit",
        "state": {
          "branch": null,
          "revision": "2e22aeebc438f15c4a5441645f20a26a1ba9febd",
          "version": "8.1.1"
        }
      },
      {
        "package": "IQKeyboardManagerSwift",
        "repositoryURL": "https://github.com/hackiftekhar/IQKeyboardManager",
        "state": {
          "branch": null,
          "revision": "dba0d0a6689534e7b7aae7d3728af0ca60a24b66",
          "version": "6.5.4"
        }
      },
      {
        "package": "Kingfisher",
        "repositoryURL": "https://github.com/onevcat/Kingfisher.git",
        "state": {
          "branch": null,
          "revision": "2f9d171f17869768f6dbec1d039b851e2503af35",
          "version": "5.12.0"
        }
      },
      {
        "package": "Reachability",
        "repositoryURL": "https://github.com/ashleymills/Reachability.swift",
        "state": {
          "branch": null,
          "revision": "6c8652a8ea35a64cf36367d07b3d6e5e6a24b272",
          "version": "4.3.1"
        }
      },
      {
        "package": "Siren",
        "repositoryURL": "https://github.com/ArtSabintsev/Siren.git",
        "state": {
          "branch": null,
          "revision": "70ad233b782104592fe90b066807a3930e218eb1",
          "version": "5.2.3"
        }
      },
      {
        "package": "SkeletonView",
        "repositoryURL": "https://github.com/Juanpe/SkeletonView.git",
        "state": {
          "branch": null,
          "revision": "5384fd34ddb8010cbc84a5faa5e82a9d0bd8af22",
          "version": "1.8.2"
        }
      },
      {
        "package": "SwiftyJSON",
        "repositoryURL": "https://github.com/SwiftyJSON/SwiftyJSON.git",
        "state": {
          "branch": null,
          "revision": "2b6054efa051565954e1d2b9da831680026cd768",
          "version": "5.0.0"
        }
      },
      {
        "package": "WhatsNewKit",
        "repositoryURL": "https://github.com/SvenTiigi/WhatsNewKit.git",
        "state": {
          "branch": null,
          "revision": "bf6f03101ee682c93da0a8141be5d05bb1f95e0e",
          "version": "1.3.1"
        }
      }
    ]
  },
  "version": 1
}
